// !$*UTF8*$!
{
	archiveVersion = 1;
	classes = {
	};
	objectVersion = 56;
	objects = {

/* Begin PBXBuildFile section */
		6C12A9422997BCC200AE931C /* CitiesTableViewController.swift in Sources */ = {isa = PBXBuildFile; fileRef = 6C12A9412997BCC200AE931C /* CitiesTableViewController.swift */; };
		6C12A9472997CB9800AE931C /* MockedRemoteWeatherList.swift in Sources */ = {isa = PBXBuildFile; fileRef = 6C12A9462997CB9800AE931C /* MockedRemoteWeatherList.swift */; };
		6C12A9492997CD5800AE931C /* MockedWeatherList.swift in Sources */ = {isa = PBXBuildFile; fileRef = 6C12A9482997CD5800AE931C /* MockedWeatherList.swift */; };
		6C12A94B2997D4A800AE931C /* MockerWeatherLoader.swift in Sources */ = {isa = PBXBuildFile; fileRef = 6C12A94A2997D4A800AE931C /* MockerWeatherLoader.swift */; };
		6C12A94D2998127400AE931C /* WeatherTableCell.swift in Sources */ = {isa = PBXBuildFile; fileRef = 6C12A94C2998127400AE931C /* WeatherTableCell.swift */; };
		6CB5B61F294DF23D00FECA02 /* AppDelegate.swift in Sources */ = {isa = PBXBuildFile; fileRef = 6CB5B61E294DF23D00FECA02 /* AppDelegate.swift */; };
		6CB5B621294DF23D00FECA02 /* SceneDelegate.swift in Sources */ = {isa = PBXBuildFile; fileRef = 6CB5B620294DF23D00FECA02 /* SceneDelegate.swift */; };
		6CB5B623294DF23D00FECA02 /* CityWeatherViewController.swift in Sources */ = {isa = PBXBuildFile; fileRef = 6CB5B622294DF23D00FECA02 /* CityWeatherViewController.swift */; };
		6CB5B628294DF23E00FECA02 /* Assets.xcassets in Resources */ = {isa = PBXBuildFile; fileRef = 6CB5B627294DF23E00FECA02 /* Assets.xcassets */; };
		6CB5B62B294DF23E00FECA02 /* LaunchScreen.storyboard in Resources */ = {isa = PBXBuildFile; fileRef = 6CB5B629294DF23E00FECA02 /* LaunchScreen.storyboard */; };
		6CB5B635294DF69400FECA02 /* PreviewViewController.swift in Sources */ = {isa = PBXBuildFile; fileRef = 6CB5B634294DF69400FECA02 /* PreviewViewController.swift */; };
		6CB5B637294DF82B00FECA02 /* ViewCodeProtocol.swift in Sources */ = {isa = PBXBuildFile; fileRef = 6CB5B636294DF82B00FECA02 /* ViewCodeProtocol.swift */; };
		6CB5B639294DF87200FECA02 /* CityWeatherUIView.swift in Sources */ = {isa = PBXBuildFile; fileRef = 6CB5B638294DF87200FECA02 /* CityWeatherUIView.swift */; };
		6CB5B63B294DFAF400FECA02 /* UIView+Extensions.swift in Sources */ = {isa = PBXBuildFile; fileRef = 6CB5B63A294DFAF400FECA02 /* UIView+Extensions.swift */; };
		6CB5B63D294E144D00FECA02 /* CityWeatherUIView+ViewCode.swift in Sources */ = {isa = PBXBuildFile; fileRef = 6CB5B63C294E144D00FECA02 /* CityWeatherUIView+ViewCode.swift */; };
		6CB5B63F294E24A900FECA02 /* CityWeatherDelegate.swift in Sources */ = {isa = PBXBuildFile; fileRef = 6CB5B63E294E24A900FECA02 /* CityWeatherDelegate.swift */; };
		6CB5B641294E257B00FECA02 /* CityWeatherPresentationAdapter.swift in Sources */ = {isa = PBXBuildFile; fileRef = 6CB5B640294E257B00FECA02 /* CityWeatherPresentationAdapter.swift */; };
		6CB5B643294E389500FECA02 /* CityWeatherViewController+Views.swift in Sources */ = {isa = PBXBuildFile; fileRef = 6CB5B642294E389500FECA02 /* CityWeatherViewController+Views.swift */; };
		6CB5B646294E38FD00FECA02 /* CityWeather.swift in Sources */ = {isa = PBXBuildFile; fileRef = 6CB5B645294E38FD00FECA02 /* CityWeather.swift */; };
		6CB5B648294E392400FECA02 /* WeatherLoader.swift in Sources */ = {isa = PBXBuildFile; fileRef = 6CB5B647294E392400FECA02 /* WeatherLoader.swift */; };
		6CB5B64B294E395600FECA02 /* WeatherViewModel.swift in Sources */ = {isa = PBXBuildFile; fileRef = 6CB5B64A294E395600FECA02 /* WeatherViewModel.swift */; };
		6CB5B64D294E396E00FECA02 /* WeatherErrorViewModel.swift in Sources */ = {isa = PBXBuildFile; fileRef = 6CB5B64C294E396E00FECA02 /* WeatherErrorViewModel.swift */; };
		6CB5B64F294E399D00FECA02 /* WeatherLoadingViewModel.swift in Sources */ = {isa = PBXBuildFile; fileRef = 6CB5B64E294E399D00FECA02 /* WeatherLoadingViewModel.swift */; };
		6CB5B651294E39C700FECA02 /* WeatherView.swift in Sources */ = {isa = PBXBuildFile; fileRef = 6CB5B650294E39C700FECA02 /* WeatherView.swift */; };
		6CB5B653294E39DC00FECA02 /* WeatherErrorView.swift in Sources */ = {isa = PBXBuildFile; fileRef = 6CB5B652294E39DC00FECA02 /* WeatherErrorView.swift */; };
		6CB5B655294E39F100FECA02 /* WeatherLoadingView.swift in Sources */ = {isa = PBXBuildFile; fileRef = 6CB5B654294E39F100FECA02 /* WeatherLoadingView.swift */; };
		6CB5B657294E3A1F00FECA02 /* CityWeatherPresenter.swift in Sources */ = {isa = PBXBuildFile; fileRef = 6CB5B656294E3A1F00FECA02 /* CityWeatherPresenter.swift */; };
		6CB5B65F294E3A6100FECA02 /* FlaireWeatherPresenterTests.swift in Sources */ = {isa = PBXBuildFile; fileRef = 6CB5B65E294E3A6100FECA02 /* FlaireWeatherPresenterTests.swift */; };
		6CB5B667294E3AA600FECA02 /* XCTestCase+MemoryLeakTracking.swift in Sources */ = {isa = PBXBuildFile; fileRef = 6CB5B666294E3AA600FECA02 /* XCTestCase+MemoryLeakTracking.swift */; };
		6CB5B669294E426100FECA02 /* FlaireWeatherUIIntegrationTests.swift in Sources */ = {isa = PBXBuildFile; fileRef = 6CB5B668294E426100FECA02 /* FlaireWeatherUIIntegrationTests.swift */; };
		6CB5B66C294E448000FECA02 /* WeakRefVirtualProxy.swift in Sources */ = {isa = PBXBuildFile; fileRef = 6CB5B66B294E448000FECA02 /* WeakRefVirtualProxy.swift */; };
		6CB5B66E294E4F4300FECA02 /* CityWeatherUIComposer.swift in Sources */ = {isa = PBXBuildFile; fileRef = 6CB5B66D294E4F4300FECA02 /* CityWeatherUIComposer.swift */; };
		6CB5B673294E65C300FECA02 /* RemoteWeather.swift in Sources */ = {isa = PBXBuildFile; fileRef = 6CB5B672294E65C300FECA02 /* RemoteWeather.swift */; };
		6CB5B675294E687400FECA02 /* HTTPClient.swift in Sources */ = {isa = PBXBuildFile; fileRef = 6CB5B674294E687400FECA02 /* HTTPClient.swift */; };
		6CB5B677294E68C700FECA02 /* RemoteWeatherLoader.swift in Sources */ = {isa = PBXBuildFile; fileRef = 6CB5B676294E68C700FECA02 /* RemoteWeatherLoader.swift */; };
		6CB5B679294E7B5D00FECA02 /* URLSessionHTTPClient.swift in Sources */ = {isa = PBXBuildFile; fileRef = 6CB5B678294E7B5D00FECA02 /* URLSessionHTTPClient.swift */; };
		6CB5B67B294E7BC600FECA02 /* URLSession+Sync.swift in Sources */ = {isa = PBXBuildFile; fileRef = 6CB5B67A294E7BC600FECA02 /* URLSession+Sync.swift */; };
		6CB5B67E294E7E5800FECA02 /* HTTPUrlResponse+Extensions.swift in Sources */ = {isa = PBXBuildFile; fileRef = 6CB5B67D294E7E5800FECA02 /* HTTPUrlResponse+Extensions.swift */; };
		6CB5B681294E844000FECA02 /* Kingfisher in Frameworks */ = {isa = PBXBuildFile; productRef = 6CB5B680294E844000FECA02 /* Kingfisher */; };
		6CB5B683294E85F800FECA02 /* SkeletonDisplayable.swift in Sources */ = {isa = PBXBuildFile; fileRef = 6CB5B682294E85F800FECA02 /* SkeletonDisplayable.swift */; };
/* End PBXBuildFile section */

/* Begin PBXContainerItemProxy section */
		6CB5B660294E3A6100FECA02 /* PBXContainerItemProxy */ = {
			isa = PBXContainerItemProxy;
			containerPortal = 6CB5B613294DF23D00FECA02 /* Project object */;
			proxyType = 1;
			remoteGlobalIDString = 6CB5B61A294DF23D00FECA02;
			remoteInfo = FlaireWeather;
		};
/* End PBXContainerItemProxy section */

/* Begin PBXFileReference section */
		6C12A9412997BCC200AE931C /* CitiesTableViewController.swift */ = {isa = PBXFileReference; lastKnownFileType = sourcecode.swift; path = CitiesTableViewController.swift; sourceTree = "<group>"; };
		6C12A9462997CB9800AE931C /* MockedRemoteWeatherList.swift */ = {isa = PBXFileReference; lastKnownFileType = sourcecode.swift; path = MockedRemoteWeatherList.swift; sourceTree = "<group>"; };
		6C12A9482997CD5800AE931C /* MockedWeatherList.swift */ = {isa = PBXFileReference; lastKnownFileType = sourcecode.swift; path = MockedWeatherList.swift; sourceTree = "<group>"; };
		6C12A94A2997D4A800AE931C /* MockerWeatherLoader.swift */ = {isa = PBXFileReference; lastKnownFileType = sourcecode.swift; path = MockerWeatherLoader.swift; sourceTree = "<group>"; };
		6C12A94C2998127400AE931C /* WeatherTableCell.swift */ = {isa = PBXFileReference; lastKnownFileType = sourcecode.swift; path = WeatherTableCell.swift; sourceTree = "<group>"; };
		6CB5B61B294DF23D00FECA02 /* FlaireWeather.app */ = {isa = PBXFileReference; explicitFileType = wrapper.application; includeInIndex = 0; path = FlaireWeather.app; sourceTree = BUILT_PRODUCTS_DIR; };
		6CB5B61E294DF23D00FECA02 /* AppDelegate.swift */ = {isa = PBXFileReference; lastKnownFileType = sourcecode.swift; path = AppDelegate.swift; sourceTree = "<group>"; };
		6CB5B620294DF23D00FECA02 /* SceneDelegate.swift */ = {isa = PBXFileReference; lastKnownFileType = sourcecode.swift; path = SceneDelegate.swift; sourceTree = "<group>"; };
		6CB5B622294DF23D00FECA02 /* CityWeatherViewController.swift */ = {isa = PBXFileReference; lastKnownFileType = sourcecode.swift; path = CityWeatherViewController.swift; sourceTree = "<group>"; };
		6CB5B627294DF23E00FECA02 /* Assets.xcassets */ = {isa = PBXFileReference; lastKnownFileType = folder.assetcatalog; path = Assets.xcassets; sourceTree = "<group>"; };
		6CB5B62A294DF23E00FECA02 /* Base */ = {isa = PBXFileReference; lastKnownFileType = file.storyboard; name = Base; path = Base.lproj/LaunchScreen.storyboard; sourceTree = "<group>"; };
		6CB5B62C294DF23E00FECA02 /* Info.plist */ = {isa = PBXFileReference; lastKnownFileType = text.plist.xml; path = Info.plist; sourceTree = "<group>"; };
		6CB5B634294DF69400FECA02 /* PreviewViewController.swift */ = {isa = PBXFileReference; lastKnownFileType = sourcecode.swift; path = PreviewViewController.swift; sourceTree = "<group>"; };
		6CB5B636294DF82B00FECA02 /* ViewCodeProtocol.swift */ = {isa = PBXFileReference; lastKnownFileType = sourcecode.swift; path = ViewCodeProtocol.swift; sourceTree = "<group>"; };
		6CB5B638294DF87200FECA02 /* CityWeatherUIView.swift */ = {isa = PBXFileReference; lastKnownFileType = sourcecode.swift; path = CityWeatherUIView.swift; sourceTree = "<group>"; };
		6CB5B63A294DFAF400FECA02 /* UIView+Extensions.swift */ = {isa = PBXFileReference; lastKnownFileType = sourcecode.swift; path = "UIView+Extensions.swift"; sourceTree = "<group>"; };
		6CB5B63C294E144D00FECA02 /* CityWeatherUIView+ViewCode.swift */ = {isa = PBXFileReference; lastKnownFileType = sourcecode.swift; path = "CityWeatherUIView+ViewCode.swift"; sourceTree = "<group>"; };
		6CB5B63E294E24A900FECA02 /* CityWeatherDelegate.swift */ = {isa = PBXFileReference; lastKnownFileType = sourcecode.swift; path = CityWeatherDelegate.swift; sourceTree = "<group>"; };
		6CB5B640294E257B00FECA02 /* CityWeatherPresentationAdapter.swift */ = {isa = PBXFileReference; lastKnownFileType = sourcecode.swift; path = CityWeatherPresentationAdapter.swift; sourceTree = "<group>"; };
		6CB5B642294E389500FECA02 /* CityWeatherViewController+Views.swift */ = {isa = PBXFileReference; lastKnownFileType = sourcecode.swift; path = "CityWeatherViewController+Views.swift"; sourceTree = "<group>"; };
		6CB5B645294E38FD00FECA02 /* CityWeather.swift */ = {isa = PBXFileReference; lastKnownFileType = sourcecode.swift; path = CityWeather.swift; sourceTree = "<group>"; };
		6CB5B647294E392400FECA02 /* WeatherLoader.swift */ = {isa = PBXFileReference; lastKnownFileType = sourcecode.swift; path = WeatherLoader.swift; sourceTree = "<group>"; };
		6CB5B64A294E395600FECA02 /* WeatherViewModel.swift */ = {isa = PBXFileReference; lastKnownFileType = sourcecode.swift; path = WeatherViewModel.swift; sourceTree = "<group>"; };
		6CB5B64C294E396E00FECA02 /* WeatherErrorViewModel.swift */ = {isa = PBXFileReference; lastKnownFileType = sourcecode.swift; path = WeatherErrorViewModel.swift; sourceTree = "<group>"; };
		6CB5B64E294E399D00FECA02 /* WeatherLoadingViewModel.swift */ = {isa = PBXFileReference; lastKnownFileType = sourcecode.swift; path = WeatherLoadingViewModel.swift; sourceTree = "<group>"; };
		6CB5B650294E39C700FECA02 /* WeatherView.swift */ = {isa = PBXFileReference; lastKnownFileType = sourcecode.swift; path = WeatherView.swift; sourceTree = "<group>"; };
		6CB5B652294E39DC00FECA02 /* WeatherErrorView.swift */ = {isa = PBXFileReference; lastKnownFileType = sourcecode.swift; path = WeatherErrorView.swift; sourceTree = "<group>"; };
		6CB5B654294E39F100FECA02 /* WeatherLoadingView.swift */ = {isa = PBXFileReference; lastKnownFileType = sourcecode.swift; path = WeatherLoadingView.swift; sourceTree = "<group>"; };
		6CB5B656294E3A1F00FECA02 /* CityWeatherPresenter.swift */ = {isa = PBXFileReference; lastKnownFileType = sourcecode.swift; path = CityWeatherPresenter.swift; sourceTree = "<group>"; };
		6CB5B65C294E3A6100FECA02 /* FlaireWeatherTests.xctest */ = {isa = PBXFileReference; explicitFileType = wrapper.cfbundle; includeInIndex = 0; path = FlaireWeatherTests.xctest; sourceTree = BUILT_PRODUCTS_DIR; };
		6CB5B65E294E3A6100FECA02 /* FlaireWeatherPresenterTests.swift */ = {isa = PBXFileReference; lastKnownFileType = sourcecode.swift; path = FlaireWeatherPresenterTests.swift; sourceTree = "<group>"; };
		6CB5B666294E3AA600FECA02 /* XCTestCase+MemoryLeakTracking.swift */ = {isa = PBXFileReference; lastKnownFileType = sourcecode.swift; path = "XCTestCase+MemoryLeakTracking.swift"; sourceTree = "<group>"; };
		6CB5B668294E426100FECA02 /* FlaireWeatherUIIntegrationTests.swift */ = {isa = PBXFileReference; lastKnownFileType = sourcecode.swift; path = FlaireWeatherUIIntegrationTests.swift; sourceTree = "<group>"; };
		6CB5B66B294E448000FECA02 /* WeakRefVirtualProxy.swift */ = {isa = PBXFileReference; lastKnownFileType = sourcecode.swift; path = WeakRefVirtualProxy.swift; sourceTree = "<group>"; };
		6CB5B66D294E4F4300FECA02 /* CityWeatherUIComposer.swift */ = {isa = PBXFileReference; lastKnownFileType = sourcecode.swift; path = CityWeatherUIComposer.swift; sourceTree = "<group>"; };
		6CB5B672294E65C300FECA02 /* RemoteWeather.swift */ = {isa = PBXFileReference; lastKnownFileType = sourcecode.swift; path = RemoteWeather.swift; sourceTree = "<group>"; };
		6CB5B674294E687400FECA02 /* HTTPClient.swift */ = {isa = PBXFileReference; lastKnownFileType = sourcecode.swift; path = HTTPClient.swift; sourceTree = "<group>"; };
		6CB5B676294E68C700FECA02 /* RemoteWeatherLoader.swift */ = {isa = PBXFileReference; lastKnownFileType = sourcecode.swift; path = RemoteWeatherLoader.swift; sourceTree = "<group>"; };
		6CB5B678294E7B5D00FECA02 /* URLSessionHTTPClient.swift */ = {isa = PBXFileReference; lastKnownFileType = sourcecode.swift; path = URLSessionHTTPClient.swift; sourceTree = "<group>"; };
		6CB5B67A294E7BC600FECA02 /* URLSession+Sync.swift */ = {isa = PBXFileReference; lastKnownFileType = sourcecode.swift; path = "URLSession+Sync.swift"; sourceTree = "<group>"; };
		6CB5B67D294E7E5800FECA02 /* HTTPUrlResponse+Extensions.swift */ = {isa = PBXFileReference; lastKnownFileType = sourcecode.swift; path = "HTTPUrlResponse+Extensions.swift"; sourceTree = "<group>"; };
		6CB5B682294E85F800FECA02 /* SkeletonDisplayable.swift */ = {isa = PBXFileReference; lastKnownFileType = sourcecode.swift; path = SkeletonDisplayable.swift; sourceTree = "<group>"; };
/* End PBXFileReference section */

/* Begin PBXFrameworksBuildPhase section */
		6CB5B618294DF23D00FECA02 /* Frameworks */ = {
			isa = PBXFrameworksBuildPhase;
			buildActionMask = 2147483647;
			files = (
				6CB5B681294E844000FECA02 /* Kingfisher in Frameworks */,
			);
			runOnlyForDeploymentPostprocessing = 0;
		};
		6CB5B659294E3A6100FECA02 /* Frameworks */ = {
			isa = PBXFrameworksBuildPhase;
			buildActionMask = 2147483647;
			files = (
			);
			runOnlyForDeploymentPostprocessing = 0;
		};
/* End PBXFrameworksBuildPhase section */

/* Begin PBXGroup section */
		6C12A9402997BC8400AE931C /* CityTableView */ = {
			isa = PBXGroup;
			children = (
				6C12A9452997C42900AE931C /* Controller */,
				6C12A9442997C42100AE931C /* View */,
				6C12A9432997C41600AE931C /* Model */,
			);
			path = CityTableView;
			sourceTree = "<group>";
		};
		6C12A9432997C41600AE931C /* Model */ = {
			isa = PBXGroup;
			children = (
				6C12A9462997CB9800AE931C /* MockedRemoteWeatherList.swift */,
				6C12A9482997CD5800AE931C /* MockedWeatherList.swift */,
				6C12A94A2997D4A800AE931C /* MockerWeatherLoader.swift */,
			);
			path = Model;
			sourceTree = "<group>";
		};
		6C12A9442997C42100AE931C /* View */ = {
			isa = PBXGroup;
			children = (
				6C12A94C2998127400AE931C /* WeatherTableCell.swift */,
			);
			path = View;
			sourceTree = "<group>";
		};
		6C12A9452997C42900AE931C /* Controller */ = {
			isa = PBXGroup;
			children = (
				6C12A9412997BCC200AE931C /* CitiesTableViewController.swift */,
			);
			path = Controller;
			sourceTree = "<group>";
		};
		6CB5B612294DF23D00FECA02 = {
			isa = PBXGroup;
			children = (
				6CB5B61D294DF23D00FECA02 /* FlaireWeather */,
				6CB5B65D294E3A6100FECA02 /* FlaireWeatherTests */,
				6CB5B61C294DF23D00FECA02 /* Products */,
			);
			sourceTree = "<group>";
		};
		6CB5B61C294DF23D00FECA02 /* Products */ = {
			isa = PBXGroup;
			children = (
				6CB5B61B294DF23D00FECA02 /* FlaireWeather.app */,
				6CB5B65C294E3A6100FECA02 /* FlaireWeatherTests.xctest */,
			);
			name = Products;
			sourceTree = "<group>";
		};
		6CB5B61D294DF23D00FECA02 /* FlaireWeather */ = {
			isa = PBXGroup;
			children = (
				6C12A9402997BC8400AE931C /* CityTableView */,
				6CB5B671294E65A600FECA02 /* API */,
				6CB5B66A294E446D00FECA02 /* Helpers */,
				6CB5B649294E394600FECA02 /* Presentation */,
				6CB5B644294E38DF00FECA02 /* Model */,
				6CB5B632294DF3EA00FECA02 /* View */,
				6CB5B61E294DF23D00FECA02 /* AppDelegate.swift */,
				6CB5B620294DF23D00FECA02 /* SceneDelegate.swift */,
				6CB5B627294DF23E00FECA02 /* Assets.xcassets */,
				6CB5B629294DF23E00FECA02 /* LaunchScreen.storyboard */,
				6CB5B62C294DF23E00FECA02 /* Info.plist */,
			);
			path = FlaireWeather;
			sourceTree = "<group>";
		};
		6CB5B632294DF3EA00FECA02 /* View */ = {
			isa = PBXGroup;
			children = (
				6CB5B633294DF67D00FECA02 /* Helper */,
				6CB5B622294DF23D00FECA02 /* CityWeatherViewController.swift */,
				6CB5B638294DF87200FECA02 /* CityWeatherUIView.swift */,
				6CB5B63C294E144D00FECA02 /* CityWeatherUIView+ViewCode.swift */,
				6CB5B63E294E24A900FECA02 /* CityWeatherDelegate.swift */,
				6CB5B642294E389500FECA02 /* CityWeatherViewController+Views.swift */,
			);
			path = View;
			sourceTree = "<group>";
		};
		6CB5B633294DF67D00FECA02 /* Helper */ = {
			isa = PBXGroup;
			children = (
				6CB5B634294DF69400FECA02 /* PreviewViewController.swift */,
				6CB5B636294DF82B00FECA02 /* ViewCodeProtocol.swift */,
				6CB5B63A294DFAF400FECA02 /* UIView+Extensions.swift */,
				6CB5B682294E85F800FECA02 /* SkeletonDisplayable.swift */,
			);
			path = Helper;
			sourceTree = "<group>";
		};
		6CB5B644294E38DF00FECA02 /* Model */ = {
			isa = PBXGroup;
			children = (
				6CB5B645294E38FD00FECA02 /* CityWeather.swift */,
				6CB5B647294E392400FECA02 /* WeatherLoader.swift */,
			);
			path = Model;
			sourceTree = "<group>";
		};
		6CB5B649294E394600FECA02 /* Presentation */ = {
			isa = PBXGroup;
			children = (
				6CB5B64A294E395600FECA02 /* WeatherViewModel.swift */,
				6CB5B64C294E396E00FECA02 /* WeatherErrorViewModel.swift */,
				6CB5B64E294E399D00FECA02 /* WeatherLoadingViewModel.swift */,
				6CB5B650294E39C700FECA02 /* WeatherView.swift */,
				6CB5B652294E39DC00FECA02 /* WeatherErrorView.swift */,
				6CB5B654294E39F100FECA02 /* WeatherLoadingView.swift */,
				6CB5B656294E3A1F00FECA02 /* CityWeatherPresenter.swift */,
			);
			path = Presentation;
			sourceTree = "<group>";
		};
		6CB5B65D294E3A6100FECA02 /* FlaireWeatherTests */ = {
			isa = PBXGroup;
			children = (
				6CB5B665294E3A8400FECA02 /* Helpers */,
				6CB5B65E294E3A6100FECA02 /* FlaireWeatherPresenterTests.swift */,
				6CB5B668294E426100FECA02 /* FlaireWeatherUIIntegrationTests.swift */,
			);
			path = FlaireWeatherTests;
			sourceTree = "<group>";
		};
		6CB5B665294E3A8400FECA02 /* Helpers */ = {
			isa = PBXGroup;
			children = (
				6CB5B666294E3AA600FECA02 /* XCTestCase+MemoryLeakTracking.swift */,
			);
			path = Helpers;
			sourceTree = "<group>";
		};
		6CB5B66A294E446D00FECA02 /* Helpers */ = {
			isa = PBXGroup;
			children = (
				6CB5B66D294E4F4300FECA02 /* CityWeatherUIComposer.swift */,
				6CB5B640294E257B00FECA02 /* CityWeatherPresentationAdapter.swift */,
				6CB5B66B294E448000FECA02 /* WeakRefVirtualProxy.swift */,
			);
			path = Helpers;
			sourceTree = "<group>";
		};
		6CB5B671294E65A600FECA02 /* API */ = {
			isa = PBXGroup;
			children = (
				6CB5B67C294E7E4200FECA02 /* Helpers */,
				6CB5B672294E65C300FECA02 /* RemoteWeather.swift */,
				6CB5B674294E687400FECA02 /* HTTPClient.swift */,
				6CB5B676294E68C700FECA02 /* RemoteWeatherLoader.swift */,
				6CB5B678294E7B5D00FECA02 /* URLSessionHTTPClient.swift */,
				6CB5B67A294E7BC600FECA02 /* URLSession+Sync.swift */,
			);
			path = API;
			sourceTree = "<group>";
		};
		6CB5B67C294E7E4200FECA02 /* Helpers */ = {
			isa = PBXGroup;
			children = (
				6CB5B67D294E7E5800FECA02 /* HTTPUrlResponse+Extensions.swift */,
			);
			path = Helpers;
			sourceTree = "<group>";
		};
/* End PBXGroup section */

/* Begin PBXNativeTarget section */
		6CB5B61A294DF23D00FECA02 /* FlaireWeather */ = {
			isa = PBXNativeTarget;
			buildConfigurationList = 6CB5B62F294DF23E00FECA02 /* Build configuration list for PBXNativeTarget "FlaireWeather" */;
			buildPhases = (
				6CB5B617294DF23D00FECA02 /* Sources */,
				6CB5B618294DF23D00FECA02 /* Frameworks */,
				6CB5B619294DF23D00FECA02 /* Resources */,
			);
			buildRules = (
			);
			dependencies = (
			);
			name = FlaireWeather;
			packageProductDependencies = (
				6CB5B680294E844000FECA02 /* Kingfisher */,
			);
			productName = FlaireWeather;
			productReference = 6CB5B61B294DF23D00FECA02 /* FlaireWeather.app */;
			productType = "com.apple.product-type.application";
		};
		6CB5B65B294E3A6100FECA02 /* FlaireWeatherTests */ = {
			isa = PBXNativeTarget;
			buildConfigurationList = 6CB5B662294E3A6100FECA02 /* Build configuration list for PBXNativeTarget "FlaireWeatherTests" */;
			buildPhases = (
				6CB5B658294E3A6100FECA02 /* Sources */,
				6CB5B659294E3A6100FECA02 /* Frameworks */,
				6CB5B65A294E3A6100FECA02 /* Resources */,
			);
			buildRules = (
			);
			dependencies = (
				6CB5B661294E3A6100FECA02 /* PBXTargetDependency */,
			);
			name = FlaireWeatherTests;
			productName = FlaireWeatherTests;
			productReference = 6CB5B65C294E3A6100FECA02 /* FlaireWeatherTests.xctest */;
			productType = "com.apple.product-type.bundle.unit-test";
		};
/* End PBXNativeTarget section */

/* Begin PBXProject section */
		6CB5B613294DF23D00FECA02 /* Project object */ = {
			isa = PBXProject;
			attributes = {
				BuildIndependentTargetsInParallel = 1;
				LastSwiftUpdateCheck = 1410;
				LastUpgradeCheck = 1410;
				TargetAttributes = {
					6CB5B61A294DF23D00FECA02 = {
						CreatedOnToolsVersion = 14.1;
					};
					6CB5B65B294E3A6100FECA02 = {
						CreatedOnToolsVersion = 14.1;
						TestTargetID = 6CB5B61A294DF23D00FECA02;
					};
				};
			};
			buildConfigurationList = 6CB5B616294DF23D00FECA02 /* Build configuration list for PBXProject "FlaireWeather" */;
			compatibilityVersion = "Xcode 14.0";
			developmentRegion = en;
			hasScannedForEncodings = 0;
			knownRegions = (
				en,
				Base,
			);
			mainGroup = 6CB5B612294DF23D00FECA02;
			packageReferences = (
				6CB5B67F294E844000FECA02 /* XCRemoteSwiftPackageReference "Kingfisher" */,
			);
			productRefGroup = 6CB5B61C294DF23D00FECA02 /* Products */;
			projectDirPath = "";
			projectRoot = "";
			targets = (
				6CB5B61A294DF23D00FECA02 /* FlaireWeather */,
				6CB5B65B294E3A6100FECA02 /* FlaireWeatherTests */,
			);
		};
/* End PBXProject section */

/* Begin PBXResourcesBuildPhase section */
		6CB5B619294DF23D00FECA02 /* Resources */ = {
			isa = PBXResourcesBuildPhase;
			buildActionMask = 2147483647;
			files = (
				6CB5B62B294DF23E00FECA02 /* LaunchScreen.storyboard in Resources */,
				6CB5B628294DF23E00FECA02 /* Assets.xcassets in Resources */,
			);
			runOnlyForDeploymentPostprocessing = 0;
		};
		6CB5B65A294E3A6100FECA02 /* Resources */ = {
			isa = PBXResourcesBuildPhase;
			buildActionMask = 2147483647;
			files = (
			);
			runOnlyForDeploymentPostprocessing = 0;
		};
/* End PBXResourcesBuildPhase section */

/* Begin PBXSourcesBuildPhase section */
		6CB5B617294DF23D00FECA02 /* Sources */ = {
			isa = PBXSourcesBuildPhase;
			buildActionMask = 2147483647;
			files = (
				6CB5B63B294DFAF400FECA02 /* UIView+Extensions.swift in Sources */,
				6CB5B675294E687400FECA02 /* HTTPClient.swift in Sources */,
				6CB5B639294DF87200FECA02 /* CityWeatherUIView.swift in Sources */,
				6CB5B655294E39F100FECA02 /* WeatherLoadingView.swift in Sources */,
				6CB5B64F294E399D00FECA02 /* WeatherLoadingViewModel.swift in Sources */,
				6CB5B648294E392400FECA02 /* WeatherLoader.swift in Sources */,
				6C12A94B2997D4A800AE931C /* MockerWeatherLoader.swift in Sources */,
				6CB5B64B294E395600FECA02 /* WeatherViewModel.swift in Sources */,
				6CB5B657294E3A1F00FECA02 /* CityWeatherPresenter.swift in Sources */,
				6CB5B679294E7B5D00FECA02 /* URLSessionHTTPClient.swift in Sources */,
				6CB5B651294E39C700FECA02 /* WeatherView.swift in Sources */,
				6CB5B623294DF23D00FECA02 /* CityWeatherViewController.swift in Sources */,
				6CB5B61F294DF23D00FECA02 /* AppDelegate.swift in Sources */,
				6CB5B677294E68C700FECA02 /* RemoteWeatherLoader.swift in Sources */,
				6CB5B673294E65C300FECA02 /* RemoteWeather.swift in Sources */,
				6CB5B63D294E144D00FECA02 /* CityWeatherUIView+ViewCode.swift in Sources */,
				6CB5B67E294E7E5800FECA02 /* HTTPUrlResponse+Extensions.swift in Sources */,
				6CB5B67B294E7BC600FECA02 /* URLSession+Sync.swift in Sources */,
				6C12A9492997CD5800AE931C /* MockedWeatherList.swift in Sources */,
				6CB5B683294E85F800FECA02 /* SkeletonDisplayable.swift in Sources */,
				6CB5B637294DF82B00FECA02 /* ViewCodeProtocol.swift in Sources */,
				6C12A94D2998127400AE931C /* WeatherTableCell.swift in Sources */,
				6CB5B653294E39DC00FECA02 /* WeatherErrorView.swift in Sources */,
				6CB5B621294DF23D00FECA02 /* SceneDelegate.swift in Sources */,
				6C12A9472997CB9800AE931C /* MockedRemoteWeatherList.swift in Sources */,
				6CB5B641294E257B00FECA02 /* CityWeatherPresentationAdapter.swift in Sources */,
				6CB5B66E294E4F4300FECA02 /* CityWeatherUIComposer.swift in Sources */,
				6CB5B643294E389500FECA02 /* CityWeatherViewController+Views.swift in Sources */,
				6CB5B646294E38FD00FECA02 /* CityWeather.swift in Sources */,
				6CB5B64D294E396E00FECA02 /* WeatherErrorViewModel.swift in Sources */,
				6C12A9422997BCC200AE931C /* CitiesTableViewController.swift in Sources */,
				6CB5B635294DF69400FECA02 /* PreviewViewController.swift in Sources */,
				6CB5B66C294E448000FECA02 /* WeakRefVirtualProxy.swift in Sources */,
				6CB5B63F294E24A900FECA02 /* CityWeatherDelegate.swift in Sources */,
			);
			runOnlyForDeploymentPostprocessing = 0;
		};
		6CB5B658294E3A6100FECA02 /* Sources */ = {
			isa = PBXSourcesBuildPhase;
			buildActionMask = 2147483647;
			files = (
				6CB5B669294E426100FECA02 /* FlaireWeatherUIIntegrationTests.swift in Sources */,
				6CB5B65F294E3A6100FECA02 /* FlaireWeatherPresenterTests.swift in Sources */,
				6CB5B667294E3AA600FECA02 /* XCTestCase+MemoryLeakTracking.swift in Sources */,
			);
			runOnlyForDeploymentPostprocessing = 0;
		};
/* End PBXSourcesBuildPhase section */

/* Begin PBXTargetDependency section */
		6CB5B661294E3A6100FECA02 /* PBXTargetDependency */ = {
			isa = PBXTargetDependency;
			target = 6CB5B61A294DF23D00FECA02 /* FlaireWeather */;
			targetProxy = 6CB5B660294E3A6100FECA02 /* PBXContainerItemProxy */;
		};
/* End PBXTargetDependency section */

/* Begin PBXVariantGroup section */
		6CB5B629294DF23E00FECA02 /* LaunchScreen.storyboard */ = {
			isa = PBXVariantGroup;
			children = (
				6CB5B62A294DF23E00FECA02 /* Base */,
			);
			name = LaunchScreen.storyboard;
			sourceTree = "<group>";
		};
/* End PBXVariantGroup section */

/* Begin XCBuildConfiguration section */
		6CB5B62D294DF23E00FECA02 /* Debug */ = {
			isa = XCBuildConfiguration;
			buildSettings = {
				ALWAYS_SEARCH_USER_PATHS = NO;
				CLANG_ANALYZER_NONNULL = YES;
				CLANG_ANALYZER_NUMBER_OBJECT_CONVERSION = YES_AGGRESSIVE;
				CLANG_CXX_LANGUAGE_STANDARD = "gnu++20";
				CLANG_ENABLE_MODULES = YES;
				CLANG_ENABLE_OBJC_ARC = YES;
				CLANG_ENABLE_OBJC_WEAK = YES;
				CLANG_WARN_BLOCK_CAPTURE_AUTORELEASING = YES;
				CLANG_WARN_BOOL_CONVERSION = YES;
				CLANG_WARN_COMMA = YES;
				CLANG_WARN_CONSTANT_CONVERSION = YES;
				CLANG_WARN_DEPRECATED_OBJC_IMPLEMENTATIONS = YES;
				CLANG_WARN_DIRECT_OBJC_ISA_USAGE = YES_ERROR;
				CLANG_WARN_DOCUMENTATION_COMMENTS = YES;
				CLANG_WARN_EMPTY_BODY = YES;
				CLANG_WARN_ENUM_CONVERSION = YES;
				CLANG_WARN_INFINITE_RECURSION = YES;
				CLANG_WARN_INT_CONVERSION = YES;
				CLANG_WARN_NON_LITERAL_NULL_CONVERSION = YES;
				CLANG_WARN_OBJC_IMPLICIT_RETAIN_SELF = YES;
				CLANG_WARN_OBJC_LITERAL_CONVERSION = YES;
				CLANG_WARN_OBJC_ROOT_CLASS = YES_ERROR;
				CLANG_WARN_QUOTED_INCLUDE_IN_FRAMEWORK_HEADER = YES;
				CLANG_WARN_RANGE_LOOP_ANALYSIS = YES;
				CLANG_WARN_STRICT_PROTOTYPES = YES;
				CLANG_WARN_SUSPICIOUS_MOVE = YES;
				CLANG_WARN_UNGUARDED_AVAILABILITY = YES_AGGRESSIVE;
				CLANG_WARN_UNREACHABLE_CODE = YES;
				CLANG_WARN__DUPLICATE_METHOD_MATCH = YES;
				COPY_PHASE_STRIP = NO;
				DEBUG_INFORMATION_FORMAT = dwarf;
				ENABLE_STRICT_OBJC_MSGSEND = YES;
				ENABLE_TESTABILITY = YES;
				GCC_C_LANGUAGE_STANDARD = gnu11;
				GCC_DYNAMIC_NO_PIC = NO;
				GCC_NO_COMMON_BLOCKS = YES;
				GCC_OPTIMIZATION_LEVEL = 0;
				GCC_PREPROCESSOR_DEFINITIONS = (
					"DEBUG=1",
					"$(inherited)",
				);
				GCC_WARN_64_TO_32_BIT_CONVERSION = YES;
				GCC_WARN_ABOUT_RETURN_TYPE = YES_ERROR;
				GCC_WARN_UNDECLARED_SELECTOR = YES;
				GCC_WARN_UNINITIALIZED_AUTOS = YES_AGGRESSIVE;
				GCC_WARN_UNUSED_FUNCTION = YES;
				GCC_WARN_UNUSED_VARIABLE = YES;
				IPHONEOS_DEPLOYMENT_TARGET = 15.0;
				MTL_ENABLE_DEBUG_INFO = INCLUDE_SOURCE;
				MTL_FAST_MATH = YES;
				ONLY_ACTIVE_ARCH = YES;
				SDKROOT = iphoneos;
				SWIFT_ACTIVE_COMPILATION_CONDITIONS = DEBUG;
				SWIFT_OPTIMIZATION_LEVEL = "-Onone";
			};
			name = Debug;
		};
		6CB5B62E294DF23E00FECA02 /* Release */ = {
			isa = XCBuildConfiguration;
			buildSettings = {
				ALWAYS_SEARCH_USER_PATHS = NO;
				CLANG_ANALYZER_NONNULL = YES;
				CLANG_ANALYZER_NUMBER_OBJECT_CONVERSION = YES_AGGRESSIVE;
				CLANG_CXX_LANGUAGE_STANDARD = "gnu++20";
				CLANG_ENABLE_MODULES = YES;
				CLANG_ENABLE_OBJC_ARC = YES;
				CLANG_ENABLE_OBJC_WEAK = YES;
				CLANG_WARN_BLOCK_CAPTURE_AUTORELEASING = YES;
				CLANG_WARN_BOOL_CONVERSION = YES;
				CLANG_WARN_COMMA = YES;
				CLANG_WARN_CONSTANT_CONVERSION = YES;
				CLANG_WARN_DEPRECATED_OBJC_IMPLEMENTATIONS = YES;
				CLANG_WARN_DIRECT_OBJC_ISA_USAGE = YES_ERROR;
				CLANG_WARN_DOCUMENTATION_COMMENTS = YES;
				CLANG_WARN_EMPTY_BODY = YES;
				CLANG_WARN_ENUM_CONVERSION = YES;
				CLANG_WARN_INFINITE_RECURSION = YES;
				CLANG_WARN_INT_CONVERSION = YES;
				CLANG_WARN_NON_LITERAL_NULL_CONVERSION = YES;
				CLANG_WARN_OBJC_IMPLICIT_RETAIN_SELF = YES;
				CLANG_WARN_OBJC_LITERAL_CONVERSION = YES;
				CLANG_WARN_OBJC_ROOT_CLASS = YES_ERROR;
				CLANG_WARN_QUOTED_INCLUDE_IN_FRAMEWORK_HEADER = YES;
				CLANG_WARN_RANGE_LOOP_ANALYSIS = YES;
				CLANG_WARN_STRICT_PROTOTYPES = YES;
				CLANG_WARN_SUSPICIOUS_MOVE = YES;
				CLANG_WARN_UNGUARDED_AVAILABILITY = YES_AGGRESSIVE;
				CLANG_WARN_UNREACHABLE_CODE = YES;
				CLANG_WARN__DUPLICATE_METHOD_MATCH = YES;
				COPY_PHASE_STRIP = NO;
				DEBUG_INFORMATION_FORMAT = "dwarf-with-dsym";
				ENABLE_NS_ASSERTIONS = NO;
				ENABLE_STRICT_OBJC_MSGSEND = YES;
				GCC_C_LANGUAGE_STANDARD = gnu11;
				GCC_NO_COMMON_BLOCKS = YES;
				GCC_WARN_64_TO_32_BIT_CONVERSION = YES;
				GCC_WARN_ABOUT_RETURN_TYPE = YES_ERROR;
				GCC_WARN_UNDECLARED_SELECTOR = YES;
				GCC_WARN_UNINITIALIZED_AUTOS = YES_AGGRESSIVE;
				GCC_WARN_UNUSED_FUNCTION = YES;
				GCC_WARN_UNUSED_VARIABLE = YES;
				IPHONEOS_DEPLOYMENT_TARGET = 15.0;
				MTL_ENABLE_DEBUG_INFO = NO;
				MTL_FAST_MATH = YES;
				SDKROOT = iphoneos;
				SWIFT_COMPILATION_MODE = wholemodule;
				SWIFT_OPTIMIZATION_LEVEL = "-O";
				VALIDATE_PRODUCT = YES;
			};
			name = Release;
		};
		6CB5B630294DF23E00FECA02 /* Debug */ = {
			isa = XCBuildConfiguration;
			buildSettings = {
				ASSETCATALOG_COMPILER_APPICON_NAME = AppIcon;
				ASSETCATALOG_COMPILER_GLOBAL_ACCENT_COLOR_NAME = AccentColor;
				CODE_SIGN_IDENTITY = "Apple Development";
				CODE_SIGN_STYLE = Automatic;
				CURRENT_PROJECT_VERSION = 1;
				DEVELOPMENT_TEAM = "";
				GENERATE_INFOPLIST_FILE = YES;
				INFOPLIST_FILE = FlaireWeather/Info.plist;
				INFOPLIST_KEY_UIApplicationSupportsIndirectInputEvents = YES;
				INFOPLIST_KEY_UILaunchStoryboardName = LaunchScreen;
				INFOPLIST_KEY_UISupportedInterfaceOrientations_iPad = "UIInterfaceOrientationPortrait UIInterfaceOrientationPortraitUpsideDown UIInterfaceOrientationLandscapeLeft UIInterfaceOrientationLandscapeRight";
				INFOPLIST_KEY_UISupportedInterfaceOrientations_iPhone = "UIInterfaceOrientationPortrait UIInterfaceOrientationLandscapeLeft UIInterfaceOrientationLandscapeRight";
				LD_RUNPATH_SEARCH_PATHS = (
					"$(inherited)",
					"@executable_path/Frameworks",
				);
				MARKETING_VERSION = 1.0;
				PRODUCT_BUNDLE_IDENTIFIER = com.leapi.FlaireWeather;
				PRODUCT_NAME = "$(TARGET_NAME)";
				PROVISIONING_PROFILE_SPECIFIER = "";
				SWIFT_EMIT_LOC_STRINGS = YES;
				SWIFT_VERSION = 5.0;
				TARGETED_DEVICE_FAMILY = "1,2";
			};
			name = Debug;
		};
		6CB5B631294DF23E00FECA02 /* Release */ = {
			isa = XCBuildConfiguration;
			buildSettings = {
				ASSETCATALOG_COMPILER_APPICON_NAME = AppIcon;
				ASSETCATALOG_COMPILER_GLOBAL_ACCENT_COLOR_NAME = AccentColor;
				CODE_SIGN_IDENTITY = "Apple Development";
				CODE_SIGN_STYLE = Automatic;
				CURRENT_PROJECT_VERSION = 1;
				DEVELOPMENT_TEAM = "";
				GENERATE_INFOPLIST_FILE = YES;
				INFOPLIST_FILE = FlaireWeather/Info.plist;
				INFOPLIST_KEY_UIApplicationSupportsIndirectInputEvents = YES;
				INFOPLIST_KEY_UILaunchStoryboardName = LaunchScreen;
				INFOPLIST_KEY_UISupportedInterfaceOrientations_iPad = "UIInterfaceOrientationPortrait UIInterfaceOrientationPortraitUpsideDown UIInterfaceOrientationLandscapeLeft UIInterfaceOrientationLandscapeRight";
				INFOPLIST_KEY_UISupportedInterfaceOrientations_iPhone = "UIInterfaceOrientationPortrait UIInterfaceOrientationLandscapeLeft UIInterfaceOrientationLandscapeRight";
				LD_RUNPATH_SEARCH_PATHS = (
					"$(inherited)",
					"@executable_path/Frameworks",
				);
				MARKETING_VERSION = 1.0;
				PRODUCT_BUNDLE_IDENTIFIER = com.leapi.FlaireWeather;
				PRODUCT_NAME = "$(TARGET_NAME)";
				PROVISIONING_PROFILE_SPECIFIER = "";
				SWIFT_EMIT_LOC_STRINGS = YES;
				SWIFT_VERSION = 5.0;
				TARGETED_DEVICE_FAMILY = "1,2";
			};
			name = Release;
		};
		6CB5B663294E3A6100FECA02 /* Debug */ = {
			isa = XCBuildConfiguration;
			buildSettings = {
				BUNDLE_LOADER = "$(TEST_HOST)";
				CODE_SIGN_STYLE = Manual;
				CURRENT_PROJECT_VERSION = 1;
				DEVELOPMENT_TEAM = "";
				GENERATE_INFOPLIST_FILE = YES;
				IPHONEOS_DEPLOYMENT_TARGET = 16.1;
				MARKETING_VERSION = 1.0;
				PRODUCT_BUNDLE_IDENTIFIER = com.leapi.FlaireWeatherTests;
				PRODUCT_NAME = "$(TARGET_NAME)";
				PROVISIONING_PROFILE_SPECIFIER = "";
				SWIFT_EMIT_LOC_STRINGS = NO;
				SWIFT_VERSION = 5.0;
				TARGETED_DEVICE_FAMILY = "1,2";
				TEST_HOST = "$(BUILT_PRODUCTS_DIR)/FlaireWeather.app/$(BUNDLE_EXECUTABLE_FOLDER_PATH)/FlaireWeather";
			};
			name = Debug;
		};
		6CB5B664294E3A6100FECA02 /* Release */ = {
			isa = XCBuildConfiguration;
			buildSettings = {
				BUNDLE_LOADER = "$(TEST_HOST)";
				CODE_SIGN_STYLE = Manual;
				CURRENT_PROJECT_VERSION = 1;
				DEVELOPMENT_TEAM = "";
				GENERATE_INFOPLIST_FILE = YES;
				IPHONEOS_DEPLOYMENT_TARGET = 16.1;
				MARKETING_VERSION = 1.0;
				PRODUCT_BUNDLE_IDENTIFIER = com.leapi.FlaireWeatherTests;
				PRODUCT_NAME = "$(TARGET_NAME)";
				PROVISIONING_PROFILE_SPECIFIER = "";
				SWIFT_EMIT_LOC_STRINGS = NO;
				SWIFT_VERSION = 5.0;
				TARGETED_DEVICE_FAMILY = "1,2";
				TEST_HOST = "$(BUILT_PRODUCTS_DIR)/FlaireWeather.app/$(BUNDLE_EXECUTABLE_FOLDER_PATH)/FlaireWeather";
			};
			name = Release;
		};
/* End XCBuildConfiguration section */

/* Begin XCConfigurationList section */
		6CB5B616294DF23D00FECA02 /* Build configuration list for PBXProject "FlaireWeather" */ = {
			isa = XCConfigurationList;
			buildConfigurations = (
				6CB5B62D294DF23E00FECA02 /* Debug */,
				6CB5B62E294DF23E00FECA02 /* Release */,
			);
			defaultConfigurationIsVisible = 0;
			defaultConfigurationName = Release;
		};
		6CB5B62F294DF23E00FECA02 /* Build configuration list for PBXNativeTarget "FlaireWeather" */ = {
			isa = XCConfigurationList;
			buildConfigurations = (
				6CB5B630294DF23E00FECA02 /* Debug */,
				6CB5B631294DF23E00FECA02 /* Release */,
			);
			defaultConfigurationIsVisible = 0;
			defaultConfigurationName = Release;
		};
		6CB5B662294E3A6100FECA02 /* Build configuration list for PBXNativeTarget "FlaireWeatherTests" */ = {
			isa = XCConfigurationList;
			buildConfigurations = (
				6CB5B663294E3A6100FECA02 /* Debug */,
				6CB5B664294E3A6100FECA02 /* Release */,
			);
			defaultConfigurationIsVisible = 0;
			defaultConfigurationName = Release;
		};
/* End XCConfigurationList section */

/* Begin XCRemoteSwiftPackageReference section */
		6CB5B67F294E844000FECA02 /* XCRemoteSwiftPackageReference "Kingfisher" */ = {
			isa = XCRemoteSwiftPackageReference;
			repositoryURL = "https://github.com/onevcat/Kingfisher.git";
			requirement = {
				kind = upToNextMajorVersion;
				minimumVersion = 7.0.0;
			};
		};
/* End XCRemoteSwiftPackageReference section */

/* Begin XCSwiftPackageProductDependency section */
		6CB5B680294E844000FECA02 /* Kingfisher */ = {
			isa = XCSwiftPackageProductDependency;
			package = 6CB5B67F294E844000FECA02 /* XCRemoteSwiftPackageReference "Kingfisher" */;
			productName = Kingfisher;
		};
/* End XCSwiftPackageProductDependency section */
	};
	rootObject = 6CB5B613294DF23D00FECA02 /* Project object */;
}
